
Microsoft Visual Studio Solution File, Format Version 12.00
# Visual Studio 2013
VisualStudioVersion = 12.0.31101.0
MinimumVisualStudioVersion = 10.0.40219.1
Project("{FAE04EC0-301F-11D3-BF4B-00C04F79EFBC}") = "GoogleMapsApi", "GoogleMapsApi\GoogleMapsApi.csproj", "{61E9FC82-47B0-43C3-8749-95D3A9967060}"
EndProject
Project("{FAE04EC0-301F-11D3-BF4B-00C04F79EFBC}") = "MapsApiTest", "MapsApiTest\MapsApiTest.csproj", "{F9F4EEFA-6FFB-4148-9690-8B0AF5ACD73B}"
EndProject
Project("{FAE04EC0-301F-11D3-BF4B-00C04F79EFBC}") = "GoogleMapsApi.Test", "GoogleMapsApi.Test\GoogleMapsApi.Test.csproj", "{AD9AD8E9-0E2C-470E-9004-373679F9D954}"
EndProject
Project("{FAE04EC0-301F-11D3-BF4B-00C04F79EFBC}") = "Moto", "Moto\Moto.csproj", "{8AC78BDB-CB95-47F6-A973-DDB334D604BF}"
EndProject
Global
	GlobalSection(SolutionConfigurationPlatforms) = preSolution
		Debug|Any CPU = Debug|Any CPU
		Debug|x86 = Debug|x86
		Release|Any CPU = Release|Any CPU
		Release|x86 = Release|x86
	EndGlobalSection
	GlobalSection(ProjectConfigurationPlatforms) = postSolution
		{61E9FC82-47B0-43C3-8749-95D3A9967060}.Debug|Any CPU.ActiveCfg = Debug|Any CPU
		{61E9FC82-47B0-43C3-8749-95D3A9967060}.Debug|Any CPU.Build.0 = Debug|Any CPU
		{61E9FC82-47B0-43C3-8749-95D3A9967060}.Debug|x86.ActiveCfg = Debug|Any CPU
		{61E9FC82-47B0-43C3-8749-95D3A9967060}.Release|Any CPU.ActiveCfg = Release|Any CPU
		{61E9FC82-47B0-43C3-8749-95D3A9967060}.Release|Any CPU.Build.0 = Release|Any CPU
		{61E9FC82-47B0-43C3-8749-95D3A9967060}.Release|x86.ActiveCfg = Release|Any CPU
		{F9F4EEFA-6FFB-4148-9690-8B0AF5ACD73B}.Debug|Any CPU.ActiveCfg = Debug|Any CPU
		{F9F4EEFA-6FFB-4148-9690-8B0AF5ACD73B}.Debug|Any CPU.Build.0 = Debug|Any CPU
		{F9F4EEFA-6FFB-4148-9690-8B0AF5ACD73B}.Debug|x86.ActiveCfg = Debug|Any CPU
		{F9F4EEFA-6FFB-4148-9690-8B0AF5ACD73B}.Release|Any CPU.ActiveCfg = Release|Any CPU
		{F9F4EEFA-6FFB-4148-9690-8B0AF5ACD73B}.Release|Any CPU.Build.0 = Release|Any CPU
		{F9F4EEFA-6FFB-4148-9690-8B0AF5ACD73B}.Release|x86.ActiveCfg = Release|Any CPU
		{AD9AD8E9-0E2C-470E-9004-373679F9D954}.Debug|Any CPU.ActiveCfg = Debug|Any CPU
		{AD9AD8E9-0E2C-470E-9004-373679F9D954}.Debug|Any CPU.Build.0 = Debug|Any CPU
		{AD9AD8E9-0E2C-470E-9004-373679F9D954}.Debug|x86.ActiveCfg = Debug|Any CPU
		{AD9AD8E9-0E2C-470E-9004-373679F9D954}.Release|Any CPU.ActiveCfg = Release|Any CPU
		{AD9AD8E9-0E2C-470E-9004-373679F9D954}.Release|Any CPU.Build.0 = Release|Any CPU
		{AD9AD8E9-0E2C-470E-9004-373679F9D954}.Release|x86.ActiveCfg = Release|Any CPU
		{8AC78BDB-CB95-47F6-A973-DDB334D604BF}.Debug|Any CPU.ActiveCfg = Debug|Any CPU
		{8AC78BDB-CB95-47F6-A973-DDB334D604BF}.Debug|Any CPU.Build.0 = Debug|Any CPU
		{8AC78BDB-CB95-47F6-A973-DDB334D604BF}.Debug|x86.ActiveCfg = Debug|Any CPU
		{8AC78BDB-CB95-47F6-A973-DDB334D604BF}.Release|Any CPU.ActiveCfg = Release|Any CPU
		{8AC78BDB-CB95-47F6-A973-DDB334D604BF}.Release|Any CPU.Build.0 = Release|Any CPU
		{8AC78BDB-CB95-47F6-A973-DDB334D604BF}.Release|x86.ActiveCfg = Release|Any CPU
	EndGlobalSection
	GlobalSection(SolutionProperties) = preSolution
		HideSolutionNode = FALSE
	EndGlobalSection
EndGlobal
